// !$*UTF8*$!
{
	archiveVersion = 1;
	classes = {
	};
	objectVersion = 55;
	objects = {

/* Begin PBXBuildFile section */
		31450EF928ECD50D007993BC /* Logger.swift in Sources */ = {isa = PBXBuildFile; fileRef = 31450EF828ECD50D007993BC /* Logger.swift */; };
		31AD5D8F28ECE2C6002AF9F4 /* NWParameters+TLS.swift in Sources */ = {isa = PBXBuildFile; fileRef = 31AD5D8E28ECE2C6002AF9F4 /* NWParameters+TLS.swift */; };
		31AD5D9328ECE358002AF9F4 /* P2PServer.swift in Sources */ = {isa = PBXBuildFile; fileRef = 31AD5D9228ECE358002AF9F4 /* P2PServer.swift */; };
		31AD5D9628ECE396002AF9F4 /* GlobalProperties.swift in Sources */ = {isa = PBXBuildFile; fileRef = 31AD5D9528ECE396002AF9F4 /* GlobalProperties.swift */; };
		31AD5D9928ECE5E5002AF9F4 /* PeerConnection.swift in Sources */ = {isa = PBXBuildFile; fileRef = 31AD5D9828ECE5E5002AF9F4 /* PeerConnection.swift */; };
		31E1DB3828EB268300BEB185 /* P2PBrowserTests.swift in Sources */ = {isa = PBXBuildFile; fileRef = 31E1DB3728EB268300BEB185 /* P2PBrowserTests.swift */; };
		31F4015628E20ADA00CA3F57 /* ZeroConfChatApp.swift in Sources */ = {isa = PBXBuildFile; fileRef = 31F4015528E20ADA00CA3F57 /* ZeroConfChatApp.swift */; };
		31F4015828E20ADA00CA3F57 /* ContentView.swift in Sources */ = {isa = PBXBuildFile; fileRef = 31F4015728E20ADA00CA3F57 /* ContentView.swift */; };
		31F4015A28E20ADB00CA3F57 /* Assets.xcassets in Resources */ = {isa = PBXBuildFile; fileRef = 31F4015928E20ADB00CA3F57 /* Assets.xcassets */; };
		31F4015D28E20ADB00CA3F57 /* Preview Assets.xcassets in Resources */ = {isa = PBXBuildFile; fileRef = 31F4015C28E20ADB00CA3F57 /* Preview Assets.xcassets */; };
		31F4018228E20BC200CA3F57 /* BonjourWrapper in Frameworks */ = {isa = PBXBuildFile; productRef = 31F4018128E20BC200CA3F57 /* BonjourWrapper */; };
		31F4018628E3107C00CA3F57 /* P2PBrowser.swift in Sources */ = {isa = PBXBuildFile; fileRef = 31F4018528E3107C00CA3F57 /* P2PBrowser.swift */; };
/* End PBXBuildFile section */

/* Begin PBXContainerItemProxy section */
		31F4016428E20ADB00CA3F57 /* PBXContainerItemProxy */ = {
			isa = PBXContainerItemProxy;
			containerPortal = 31F4014A28E20ADA00CA3F57 /* Project object */;
			proxyType = 1;
			remoteGlobalIDString = 31F4015128E20ADA00CA3F57;
			remoteInfo = ZeroConfChat;
		};
/* End PBXContainerItemProxy section */

/* Begin PBXFileReference section */
		31450EF628ECD108007993BC /* Info.plist */ = {isa = PBXFileReference; lastKnownFileType = text.plist; path = Info.plist; sourceTree = "<group>"; };
		31450EF828ECD50D007993BC /* Logger.swift */ = {isa = PBXFileReference; lastKnownFileType = sourcecode.swift; path = Logger.swift; sourceTree = "<group>"; };
		31AD5D8E28ECE2C6002AF9F4 /* NWParameters+TLS.swift */ = {isa = PBXFileReference; lastKnownFileType = sourcecode.swift; path = "NWParameters+TLS.swift"; sourceTree = "<group>"; };
		31AD5D9228ECE358002AF9F4 /* P2PServer.swift */ = {isa = PBXFileReference; lastKnownFileType = sourcecode.swift; path = P2PServer.swift; sourceTree = "<group>"; };
		31AD5D9528ECE396002AF9F4 /* GlobalProperties.swift */ = {isa = PBXFileReference; lastKnownFileType = sourcecode.swift; path = GlobalProperties.swift; sourceTree = "<group>"; };
		31AD5D9828ECE5E5002AF9F4 /* PeerConnection.swift */ = {isa = PBXFileReference; lastKnownFileType = sourcecode.swift; path = PeerConnection.swift; sourceTree = "<group>"; };
		31E1DB3728EB268300BEB185 /* P2PBrowserTests.swift */ = {isa = PBXFileReference; lastKnownFileType = sourcecode.swift; path = P2PBrowserTests.swift; sourceTree = "<group>"; };
		31F4015228E20ADA00CA3F57 /* ZeroConfChat.app */ = {isa = PBXFileReference; explicitFileType = wrapper.application; includeInIndex = 0; path = ZeroConfChat.app; sourceTree = BUILT_PRODUCTS_DIR; };
		31F4015528E20ADA00CA3F57 /* ZeroConfChatApp.swift */ = {isa = PBXFileReference; lastKnownFileType = sourcecode.swift; path = ZeroConfChatApp.swift; sourceTree = "<group>"; };
		31F4015728E20ADA00CA3F57 /* ContentView.swift */ = {isa = PBXFileReference; lastKnownFileType = sourcecode.swift; path = ContentView.swift; sourceTree = "<group>"; };
		31F4015928E20ADB00CA3F57 /* Assets.xcassets */ = {isa = PBXFileReference; lastKnownFileType = folder.assetcatalog; path = Assets.xcassets; sourceTree = "<group>"; };
		31F4015C28E20ADB00CA3F57 /* Preview Assets.xcassets */ = {isa = PBXFileReference; lastKnownFileType = folder.assetcatalog; path = "Preview Assets.xcassets"; sourceTree = "<group>"; };
		31F4015E28E20ADB00CA3F57 /* ZeroConfChat.entitlements */ = {isa = PBXFileReference; lastKnownFileType = text.plist.entitlements; path = ZeroConfChat.entitlements; sourceTree = "<group>"; };
		31F4016328E20ADB00CA3F57 /* ZeroConfChatTests.xctest */ = {isa = PBXFileReference; explicitFileType = wrapper.cfbundle; includeInIndex = 0; path = ZeroConfChatTests.xctest; sourceTree = BUILT_PRODUCTS_DIR; };
		31F4018528E3107C00CA3F57 /* P2PBrowser.swift */ = {isa = PBXFileReference; lastKnownFileType = sourcecode.swift; path = P2PBrowser.swift; sourceTree = "<group>"; };
/* End PBXFileReference section */

/* Begin PBXFrameworksBuildPhase section */
		31F4014F28E20ADA00CA3F57 /* Frameworks */ = {
			isa = PBXFrameworksBuildPhase;
			buildActionMask = 2147483647;
			files = (
				31F4018228E20BC200CA3F57 /* BonjourWrapper in Frameworks */,
			);
			runOnlyForDeploymentPostprocessing = 0;
		};
		31F4016028E20ADB00CA3F57 /* Frameworks */ = {
			isa = PBXFrameworksBuildPhase;
			buildActionMask = 2147483647;
			files = (
			);
			runOnlyForDeploymentPostprocessing = 0;
		};
/* End PBXFrameworksBuildPhase section */

/* Begin PBXGroup section */
		31450EF728ECD500007993BC /* Logging */ = {
			isa = PBXGroup;
			children = (
				31450EF828ECD50D007993BC /* Logger.swift */,
			);
			path = Logging;
			sourceTree = "<group>";
		};
		31AD5D8D28ECE2B5002AF9F4 /* NWParameters */ = {
			isa = PBXGroup;
			children = (
				31AD5D8E28ECE2C6002AF9F4 /* NWParameters+TLS.swift */,
			);
			path = NWParameters;
			sourceTree = "<group>";
		};
		31AD5D9028ECE33E002AF9F4 /* Browser */ = {
			isa = PBXGroup;
			children = (
				31F4018528E3107C00CA3F57 /* P2PBrowser.swift */,
			);
			path = Browser;
			sourceTree = "<group>";
		};
		31AD5D9128ECE345002AF9F4 /* Server */ = {
			isa = PBXGroup;
			children = (
				31AD5D9228ECE358002AF9F4 /* P2PServer.swift */,
			);
			path = Server;
			sourceTree = "<group>";
		};
		31AD5D9428ECE374002AF9F4 /* Core */ = {
			isa = PBXGroup;
			children = (
				31AD5D9528ECE396002AF9F4 /* GlobalProperties.swift */,
			);
			path = Core;
			sourceTree = "<group>";
		};
		31AD5D9728ECE574002AF9F4 /* Peer Connection */ = {
			isa = PBXGroup;
			children = (
				31AD5D9828ECE5E5002AF9F4 /* PeerConnection.swift */,
			);
			path = "Peer Connection";
			sourceTree = "<group>";
		};
		31F4014928E20ADA00CA3F57 = {
			isa = PBXGroup;
			children = (
				31450EF728ECD500007993BC /* Logging */,
				31F4018328E3105A00CA3F57 /* Bonjour */,
				31F4015428E20ADA00CA3F57 /* ZeroConfChat */,
				31F4016628E20ADB00CA3F57 /* ZeroConfChatTests */,
				31F4015328E20ADA00CA3F57 /* Products */,
			);
			sourceTree = "<group>";
		};
		31F4015328E20ADA00CA3F57 /* Products */ = {
			isa = PBXGroup;
			children = (
				31F4015228E20ADA00CA3F57 /* ZeroConfChat.app */,
				31F4016328E20ADB00CA3F57 /* ZeroConfChatTests.xctest */,
			);
			name = Products;
			sourceTree = "<group>";
		};
		31F4015428E20ADA00CA3F57 /* ZeroConfChat */ = {
			isa = PBXGroup;
			children = (
				31450EF628ECD108007993BC /* Info.plist */,
				31F4015528E20ADA00CA3F57 /* ZeroConfChatApp.swift */,
				31F4015728E20ADA00CA3F57 /* ContentView.swift */,
				31F4015928E20ADB00CA3F57 /* Assets.xcassets */,
				31F4015E28E20ADB00CA3F57 /* ZeroConfChat.entitlements */,
				31F4015B28E20ADB00CA3F57 /* Preview Content */,
			);
			path = ZeroConfChat;
			sourceTree = "<group>";
		};
		31F4015B28E20ADB00CA3F57 /* Preview Content */ = {
			isa = PBXGroup;
			children = (
				31F4015C28E20ADB00CA3F57 /* Preview Assets.xcassets */,
			);
			path = "Preview Content";
			sourceTree = "<group>";
		};
		31F4016628E20ADB00CA3F57 /* ZeroConfChatTests */ = {
			isa = PBXGroup;
			children = (
				31F4018428E3106400CA3F57 /* Bonjour */,
			);
			path = ZeroConfChatTests;
			sourceTree = "<group>";
		};
		31F4018328E3105A00CA3F57 /* Bonjour */ = {
			isa = PBXGroup;
			children = (
				31AD5D9428ECE374002AF9F4 /* Core */,
				31AD5D9128ECE345002AF9F4 /* Server */,
				31AD5D9028ECE33E002AF9F4 /* Browser */,
				31AD5D9728ECE574002AF9F4 /* Peer Connection */,
				31AD5D8D28ECE2B5002AF9F4 /* NWParameters */,
			);
			path = Bonjour;
			sourceTree = "<group>";
		};
		31F4018428E3106400CA3F57 /* Bonjour */ = {
			isa = PBXGroup;
			children = (
				31E1DB3728EB268300BEB185 /* P2PBrowserTests.swift */,
			);
			path = Bonjour;
			sourceTree = "<group>";
		};
/* End PBXGroup section */

/* Begin PBXNativeTarget section */
		31F4015128E20ADA00CA3F57 /* ZeroConfChat */ = {
			isa = PBXNativeTarget;
			buildConfigurationList = 31F4017728E20ADB00CA3F57 /* Build configuration list for PBXNativeTarget "ZeroConfChat" */;
			buildPhases = (
				31F4014E28E20ADA00CA3F57 /* Sources */,
				31F4014F28E20ADA00CA3F57 /* Frameworks */,
				31F4015028E20ADA00CA3F57 /* Resources */,
			);
			buildRules = (
			);
			dependencies = (
			);
			name = ZeroConfChat;
			packageProductDependencies = (
				31F4018128E20BC200CA3F57 /* BonjourWrapper */,
			);
			productName = ZeroConfChat;
			productReference = 31F4015228E20ADA00CA3F57 /* ZeroConfChat.app */;
			productType = "com.apple.product-type.application";
		};
		31F4016228E20ADB00CA3F57 /* ZeroConfChatTests */ = {
			isa = PBXNativeTarget;
			buildConfigurationList = 31F4017A28E20ADB00CA3F57 /* Build configuration list for PBXNativeTarget "ZeroConfChatTests" */;
			buildPhases = (
				31F4015F28E20ADB00CA3F57 /* Sources */,
				31F4016028E20ADB00CA3F57 /* Frameworks */,
				31F4016128E20ADB00CA3F57 /* Resources */,
			);
			buildRules = (
			);
			dependencies = (
				31F4016528E20ADB00CA3F57 /* PBXTargetDependency */,
			);
			name = ZeroConfChatTests;
			productName = ZeroConfChatTests;
			productReference = 31F4016328E20ADB00CA3F57 /* ZeroConfChatTests.xctest */;
			productType = "com.apple.product-type.bundle.unit-test";
		};
/* End PBXNativeTarget section */

/* Begin PBXProject section */
		31F4014A28E20ADA00CA3F57 /* Project object */ = {
			isa = PBXProject;
			attributes = {
				BuildIndependentTargetsInParallel = 1;
				LastSwiftUpdateCheck = 1340;
				LastUpgradeCheck = 1340;
				TargetAttributes = {
					31F4015128E20ADA00CA3F57 = {
						CreatedOnToolsVersion = 13.4.1;
					};
					31F4016228E20ADB00CA3F57 = {
						CreatedOnToolsVersion = 13.4.1;
						TestTargetID = 31F4015128E20ADA00CA3F57;
					};
				};
			};
			buildConfigurationList = 31F4014D28E20ADA00CA3F57 /* Build configuration list for PBXProject "ZeroConfChat" */;
			compatibilityVersion = "Xcode 13.0";
			developmentRegion = en;
			hasScannedForEncodings = 0;
			knownRegions = (
				en,
				Base,
			);
			mainGroup = 31F4014928E20ADA00CA3F57;
			packageReferences = (
				31F4018028E20BC100CA3F57 /* XCRemoteSwiftPackageReference "BonjourWrapper" */,
			);
			productRefGroup = 31F4015328E20ADA00CA3F57 /* Products */;
			projectDirPath = "";
			projectRoot = "";
			targets = (
				31F4015128E20ADA00CA3F57 /* ZeroConfChat */,
				31F4016228E20ADB00CA3F57 /* ZeroConfChatTests */,
			);
		};
/* End PBXProject section */

/* Begin PBXResourcesBuildPhase section */
		31F4015028E20ADA00CA3F57 /* Resources */ = {
			isa = PBXResourcesBuildPhase;
			buildActionMask = 2147483647;
			files = (
				31F4015D28E20ADB00CA3F57 /* Preview Assets.xcassets in Resources */,
				31F4015A28E20ADB00CA3F57 /* Assets.xcassets in Resources */,
			);
			runOnlyForDeploymentPostprocessing = 0;
		};
		31F4016128E20ADB00CA3F57 /* Resources */ = {
			isa = PBXResourcesBuildPhase;
			buildActionMask = 2147483647;
			files = (
			);
			runOnlyForDeploymentPostprocessing = 0;
		};
/* End PBXResourcesBuildPhase section */

/* Begin PBXSourcesBuildPhase section */
		31F4014E28E20ADA00CA3F57 /* Sources */ = {
			isa = PBXSourcesBuildPhase;
			buildActionMask = 2147483647;
			files = (
				31F4015828E20ADA00CA3F57 /* ContentView.swift in Sources */,
				31AD5D8F28ECE2C6002AF9F4 /* NWParameters+TLS.swift in Sources */,
				31F4015628E20ADA00CA3F57 /* ZeroConfChatApp.swift in Sources */,
				31AD5D9928ECE5E5002AF9F4 /* PeerConnection.swift in Sources */,
				31AD5D9628ECE396002AF9F4 /* GlobalProperties.swift in Sources */,
				31AD5D9328ECE358002AF9F4 /* P2PServer.swift in Sources */,
				31F4018628E3107C00CA3F57 /* P2PBrowser.swift in Sources */,
				31450EF928ECD50D007993BC /* Logger.swift in Sources */,
			);
			runOnlyForDeploymentPostprocessing = 0;
		};
		31F4015F28E20ADB00CA3F57 /* Sources */ = {
			isa = PBXSourcesBuildPhase;
			buildActionMask = 2147483647;
			files = (
				31E1DB3828EB268300BEB185 /* P2PBrowserTests.swift in Sources */,
			);
			runOnlyForDeploymentPostprocessing = 0;
		};
/* End PBXSourcesBuildPhase section */

/* Begin PBXTargetDependency section */
		31F4016528E20ADB00CA3F57 /* PBXTargetDependency */ = {
			isa = PBXTargetDependency;
			target = 31F4015128E20ADA00CA3F57 /* ZeroConfChat */;
			targetProxy = 31F4016428E20ADB00CA3F57 /* PBXContainerItemProxy */;
		};
/* End PBXTargetDependency section */

/* Begin XCBuildConfiguration section */
		31F4017528E20ADB00CA3F57 /* Debug */ = {
			isa = XCBuildConfiguration;
			buildSettings = {
				ALWAYS_SEARCH_USER_PATHS = NO;
				CLANG_ANALYZER_NONNULL = YES;
				CLANG_ANALYZER_NUMBER_OBJECT_CONVERSION = YES_AGGRESSIVE;
				CLANG_CXX_LANGUAGE_STANDARD = "gnu++17";
				CLANG_ENABLE_MODULES = YES;
				CLANG_ENABLE_OBJC_ARC = YES;
				CLANG_ENABLE_OBJC_WEAK = YES;
				CLANG_WARN_BLOCK_CAPTURE_AUTORELEASING = YES;
				CLANG_WARN_BOOL_CONVERSION = YES;
				CLANG_WARN_COMMA = YES;
				CLANG_WARN_CONSTANT_CONVERSION = YES;
				CLANG_WARN_DEPRECATED_OBJC_IMPLEMENTATIONS = YES;
				CLANG_WARN_DIRECT_OBJC_ISA_USAGE = YES_ERROR;
				CLANG_WARN_DOCUMENTATION_COMMENTS = YES;
				CLANG_WARN_EMPTY_BODY = YES;
				CLANG_WARN_ENUM_CONVERSION = YES;
				CLANG_WARN_INFINITE_RECURSION = YES;
				CLANG_WARN_INT_CONVERSION = YES;
				CLANG_WARN_NON_LITERAL_NULL_CONVERSION = YES;
				CLANG_WARN_OBJC_IMPLICIT_RETAIN_SELF = YES;
				CLANG_WARN_OBJC_LITERAL_CONVERSION = YES;
				CLANG_WARN_OBJC_ROOT_CLASS = YES_ERROR;
				CLANG_WARN_QUOTED_INCLUDE_IN_FRAMEWORK_HEADER = YES;
				CLANG_WARN_RANGE_LOOP_ANALYSIS = YES;
				CLANG_WARN_STRICT_PROTOTYPES = YES;
				CLANG_WARN_SUSPICIOUS_MOVE = YES;
				CLANG_WARN_UNGUARDED_AVAILABILITY = YES_AGGRESSIVE;
				CLANG_WARN_UNREACHABLE_CODE = YES;
				CLANG_WARN__DUPLICATE_METHOD_MATCH = YES;
				COPY_PHASE_STRIP = NO;
				DEBUG_INFORMATION_FORMAT = dwarf;
				ENABLE_STRICT_OBJC_MSGSEND = YES;
				ENABLE_TESTABILITY = YES;
				GCC_C_LANGUAGE_STANDARD = gnu11;
				GCC_DYNAMIC_NO_PIC = NO;
				GCC_NO_COMMON_BLOCKS = YES;
				GCC_OPTIMIZATION_LEVEL = 0;
				GCC_PREPROCESSOR_DEFINITIONS = (
					"DEBUG=1",
					"$(inherited)",
				);
				GCC_WARN_64_TO_32_BIT_CONVERSION = YES;
				GCC_WARN_ABOUT_RETURN_TYPE = YES_ERROR;
				GCC_WARN_UNDECLARED_SELECTOR = YES;
				GCC_WARN_UNINITIALIZED_AUTOS = YES_AGGRESSIVE;
				GCC_WARN_UNUSED_FUNCTION = YES;
				GCC_WARN_UNUSED_VARIABLE = YES;
				MACOSX_DEPLOYMENT_TARGET = 12.3;
				MTL_ENABLE_DEBUG_INFO = INCLUDE_SOURCE;
				MTL_FAST_MATH = YES;
				ONLY_ACTIVE_ARCH = YES;
				SDKROOT = iphoneos;
				SWIFT_ACTIVE_COMPILATION_CONDITIONS = DEBUG;
				SWIFT_OPTIMIZATION_LEVEL = "-Onone";
			};
			name = Debug;
		};
		31F4017628E20ADB00CA3F57 /* Release */ = {
			isa = XCBuildConfiguration;
			buildSettings = {
				ALWAYS_SEARCH_USER_PATHS = NO;
				CLANG_ANALYZER_NONNULL = YES;
				CLANG_ANALYZER_NUMBER_OBJECT_CONVERSION = YES_AGGRESSIVE;
				CLANG_CXX_LANGUAGE_STANDARD = "gnu++17";
				CLANG_ENABLE_MODULES = YES;
				CLANG_ENABLE_OBJC_ARC = YES;
				CLANG_ENABLE_OBJC_WEAK = YES;
				CLANG_WARN_BLOCK_CAPTURE_AUTORELEASING = YES;
				CLANG_WARN_BOOL_CONVERSION = YES;
				CLANG_WARN_COMMA = YES;
				CLANG_WARN_CONSTANT_CONVERSION = YES;
				CLANG_WARN_DEPRECATED_OBJC_IMPLEMENTATIONS = YES;
				CLANG_WARN_DIRECT_OBJC_ISA_USAGE = YES_ERROR;
				CLANG_WARN_DOCUMENTATION_COMMENTS = YES;
				CLANG_WARN_EMPTY_BODY = YES;
				CLANG_WARN_ENUM_CONVERSION = YES;
				CLANG_WARN_INFINITE_RECURSION = YES;
				CLANG_WARN_INT_CONVERSION = YES;
				CLANG_WARN_NON_LITERAL_NULL_CONVERSION = YES;
				CLANG_WARN_OBJC_IMPLICIT_RETAIN_SELF = YES;
				CLANG_WARN_OBJC_LITERAL_CONVERSION = YES;
				CLANG_WARN_OBJC_ROOT_CLASS = YES_ERROR;
				CLANG_WARN_QUOTED_INCLUDE_IN_FRAMEWORK_HEADER = YES;
				CLANG_WARN_RANGE_LOOP_ANALYSIS = YES;
				CLANG_WARN_STRICT_PROTOTYPES = YES;
				CLANG_WARN_SUSPICIOUS_MOVE = YES;
				CLANG_WARN_UNGUARDED_AVAILABILITY = YES_AGGRESSIVE;
				CLANG_WARN_UNREACHABLE_CODE = YES;
				CLANG_WARN__DUPLICATE_METHOD_MATCH = YES;
				COPY_PHASE_STRIP = NO;
				DEBUG_INFORMATION_FORMAT = "dwarf-with-dsym";
				ENABLE_NS_ASSERTIONS = NO;
				ENABLE_STRICT_OBJC_MSGSEND = YES;
				GCC_C_LANGUAGE_STANDARD = gnu11;
				GCC_NO_COMMON_BLOCKS = YES;
				GCC_WARN_64_TO_32_BIT_CONVERSION = YES;
				GCC_WARN_ABOUT_RETURN_TYPE = YES_ERROR;
				GCC_WARN_UNDECLARED_SELECTOR = YES;
				GCC_WARN_UNINITIALIZED_AUTOS = YES_AGGRESSIVE;
				GCC_WARN_UNUSED_FUNCTION = YES;
				GCC_WARN_UNUSED_VARIABLE = YES;
				MACOSX_DEPLOYMENT_TARGET = 12.3;
				MTL_ENABLE_DEBUG_INFO = NO;
				MTL_FAST_MATH = YES;
				SDKROOT = iphoneos;
				SWIFT_COMPILATION_MODE = wholemodule;
				SWIFT_OPTIMIZATION_LEVEL = "-O";
			};
			name = Release;
		};
		31F4017828E20ADB00CA3F57 /* Debug */ = {
			isa = XCBuildConfiguration;
			buildSettings = {
				ASSETCATALOG_COMPILER_APPICON_NAME = AppIcon;
				ASSETCATALOG_COMPILER_GLOBAL_ACCENT_COLOR_NAME = AccentColor;
				CODE_SIGN_ENTITLEMENTS = ZeroConfChat/ZeroConfChat.entitlements;
				CODE_SIGN_IDENTITY = "Apple Development";
				CODE_SIGN_STYLE = Manual;
				COMBINE_HIDPI_IMAGES = YES;
				CURRENT_PROJECT_VERSION = 1;
				DEVELOPMENT_ASSET_PATHS = "\"ZeroConfChat/Preview Content\"";
				DEVELOPMENT_TEAM = AHY6435XC9;
				ENABLE_HARDENED_RUNTIME = YES;
				ENABLE_PREVIEWS = YES;
				GENERATE_INFOPLIST_FILE = YES;
				INFOPLIST_FILE = ZeroConfChat/Info.plist;
				INFOPLIST_KEY_NSHumanReadableCopyright = "";
				LD_RUNPATH_SEARCH_PATHS = (
					"$(inherited)",
					"@executable_path/../Frameworks",
				);
				MARKETING_VERSION = 1.0;
				PRODUCT_BUNDLE_IDENTIFIER = com.thodo.ZeroConfChat;
				PRODUCT_NAME = "$(TARGET_NAME)";
				PROVISIONING_PROFILE_SPECIFIER = "";
				SUPPORTS_MACCATALYST = YES;
				SWIFT_EMIT_LOC_STRINGS = YES;
				SWIFT_VERSION = 5.0;
				TARGETED_DEVICE_FAMILY = "1,2,6";
			};
			name = Debug;
		};
		31F4017928E20ADB00CA3F57 /* Release */ = {
			isa = XCBuildConfiguration;
			buildSettings = {
				ASSETCATALOG_COMPILER_APPICON_NAME = AppIcon;
				ASSETCATALOG_COMPILER_GLOBAL_ACCENT_COLOR_NAME = AccentColor;
				CODE_SIGN_ENTITLEMENTS = ZeroConfChat/ZeroConfChat.entitlements;
				CODE_SIGN_IDENTITY = "Apple Development";
				CODE_SIGN_STYLE = Manual;
				COMBINE_HIDPI_IMAGES = YES;
				CURRENT_PROJECT_VERSION = 1;
				DEVELOPMENT_ASSET_PATHS = "\"ZeroConfChat/Preview Content\"";
				DEVELOPMENT_TEAM = AHY6435XC9;
				ENABLE_HARDENED_RUNTIME = YES;
				ENABLE_PREVIEWS = YES;
				GENERATE_INFOPLIST_FILE = YES;
				INFOPLIST_FILE = ZeroConfChat/Info.plist;
				INFOPLIST_KEY_NSHumanReadableCopyright = "";
				LD_RUNPATH_SEARCH_PATHS = (
					"$(inherited)",
					"@executable_path/../Frameworks",
				);
				MARKETING_VERSION = 1.0;
				PRODUCT_BUNDLE_IDENTIFIER = com.thodo.ZeroConfChat;
				PRODUCT_NAME = "$(TARGET_NAME)";
				PROVISIONING_PROFILE_SPECIFIER = "";
				SUPPORTS_MACCATALYST = YES;
				SWIFT_EMIT_LOC_STRINGS = YES;
				SWIFT_VERSION = 5.0;
				TARGETED_DEVICE_FAMILY = "1,2,6";
			};
			name = Release;
		};
		31F4017B28E20ADB00CA3F57 /* Debug */ = {
			isa = XCBuildConfiguration;
			buildSettings = {
				ALWAYS_EMBED_SWIFT_STANDARD_LIBRARIES = YES;
				BUNDLE_LOADER = "$(TEST_HOST)";
				CODE_SIGN_STYLE = Automatic;
				CURRENT_PROJECT_VERSION = 1;
				DEVELOPMENT_TEAM = AHY6435XC9;
				GENERATE_INFOPLIST_FILE = YES;
				MACOSX_DEPLOYMENT_TARGET = 12.3;
				MARKETING_VERSION = 1.0;
				PRODUCT_BUNDLE_IDENTIFIER = com.thodo.ZeroConfChatTests;
				PRODUCT_NAME = "$(TARGET_NAME)";
				SWIFT_EMIT_LOC_STRINGS = NO;
				SWIFT_VERSION = 5.0;
				TEST_HOST = "$(BUILT_PRODUCTS_DIR)/ZeroConfChat.app/Contents/MacOS/ZeroConfChat";
			};
			name = Debug;
		};
		31F4017C28E20ADB00CA3F57 /* Release */ = {
			isa = XCBuildConfiguration;
			buildSettings = {
				ALWAYS_EMBED_SWIFT_STANDARD_LIBRARIES = YES;
				BUNDLE_LOADER = "$(TEST_HOST)";
				CODE_SIGN_STYLE = Automatic;
				CURRENT_PROJECT_VERSION = 1;
				DEVELOPMENT_TEAM = AHY6435XC9;
				GENERATE_INFOPLIST_FILE = YES;
				MACOSX_DEPLOYMENT_TARGET = 12.3;
				MARKETING_VERSION = 1.0;
				PRODUCT_BUNDLE_IDENTIFIER = com.thodo.ZeroConfChatTests;
				PRODUCT_NAME = "$(TARGET_NAME)";
				SWIFT_EMIT_LOC_STRINGS = NO;
				SWIFT_VERSION = 5.0;
				TEST_HOST = "$(BUILT_PRODUCTS_DIR)/ZeroConfChat.app/Contents/MacOS/ZeroConfChat";
			};
			name = Release;
		};
/* End XCBuildConfiguration section */

/* Begin XCConfigurationList section */
		31F4014D28E20ADA00CA3F57 /* Build configuration list for PBXProject "ZeroConfChat" */ = {
			isa = XCConfigurationList;
			buildConfigurations = (
				31F4017528E20ADB00CA3F57 /* Debug */,
				31F4017628E20ADB00CA3F57 /* Release */,
			);
			defaultConfigurationIsVisible = 0;
			defaultConfigurationName = Release;
		};
		31F4017728E20ADB00CA3F57 /* Build configuration list for PBXNativeTarget "ZeroConfChat" */ = {
			isa = XCConfigurationList;
			buildConfigurations = (
				31F4017828E20ADB00CA3F57 /* Debug */,
				31F4017928E20ADB00CA3F57 /* Release */,
			);
			defaultConfigurationIsVisible = 0;
			defaultConfigurationName = Release;
		};
		31F4017A28E20ADB00CA3F57 /* Build configuration list for PBXNativeTarget "ZeroConfChatTests" */ = {
			isa = XCConfigurationList;
			buildConfigurations = (
				31F4017B28E20ADB00CA3F57 /* Debug */,
				31F4017C28E20ADB00CA3F57 /* Release */,
			);
			defaultConfigurationIsVisible = 0;
			defaultConfigurationName = Release;
		};
/* End XCConfigurationList section */

/* Begin XCRemoteSwiftPackageReference section */
		31F4018028E20BC100CA3F57 /* XCRemoteSwiftPackageReference "BonjourWrapper" */ = {
			isa = XCRemoteSwiftPackageReference;
			repositoryURL = "https://github.com/truongtho1603/BonjourWrapper";
			requirement = {
				branch = main;
				kind = branch;
			};
		};
/* End XCRemoteSwiftPackageReference section */

/* Begin XCSwiftPackageProductDependency section */
		31F4018128E20BC200CA3F57 /* BonjourWrapper */ = {
			isa = XCSwiftPackageProductDependency;
			package = 31F4018028E20BC100CA3F57 /* XCRemoteSwiftPackageReference "BonjourWrapper" */;
			productName = BonjourWrapper;
		};
/* End XCSwiftPackageProductDependency section */
	};
	rootObject = 31F4014A28E20ADA00CA3F57 /* Project object */;
}
